// !$*UTF8*$!
{
	archiveVersion = 1;
	classes = {
	};
	objectVersion = 46;
	objects = {

/* Begin PBXBuildFile section */
		DD0AE9F51CBB4B8400CD5DDB /* AppDelegate.swift in Sources */ = {isa = PBXBuildFile; fileRef = DD0AE9F41CBB4B8400CD5DDB /* AppDelegate.swift */; };
		DD0AE9F71CBB4B8400CD5DDB /* ViewController.swift in Sources */ = {isa = PBXBuildFile; fileRef = DD0AE9F61CBB4B8400CD5DDB /* ViewController.swift */; };
		DD0AE9FA1CBB4B8400CD5DDB /* Main.storyboard in Resources */ = {isa = PBXBuildFile; fileRef = DD0AE9F81CBB4B8400CD5DDB /* Main.storyboard */; };
		DD0AE9FC1CBB4B8400CD5DDB /* Assets.xcassets in Resources */ = {isa = PBXBuildFile; fileRef = DD0AE9FB1CBB4B8400CD5DDB /* Assets.xcassets */; };
		DD0AE9FF1CBB4B8400CD5DDB /* LaunchScreen.storyboard in Resources */ = {isa = PBXBuildFile; fileRef = DD0AE9FD1CBB4B8400CD5DDB /* LaunchScreen.storyboard */; };
		DD0AEA081CBB4DEE00CD5DDB /* TabbarViewController.swift in Sources */ = {isa = PBXBuildFile; fileRef = DD0AEA071CBB4DEE00CD5DDB /* TabbarViewController.swift */; };
		DD0AEA0A1CBB4E2700CD5DDB /* SuperViewController.swift in Sources */ = {isa = PBXBuildFile; fileRef = DD0AEA091CBB4E2700CD5DDB /* SuperViewController.swift */; };
		DD0AEA0C1CBB4E7800CD5DDB /* FirstViewController.swift in Sources */ = {isa = PBXBuildFile; fileRef = DD0AEA0B1CBB4E7800CD5DDB /* FirstViewController.swift */; };
		DD0AEA0E1CBB4ED500CD5DDB /* SecondViewController.swift in Sources */ = {isa = PBXBuildFile; fileRef = DD0AEA0D1CBB4ED500CD5DDB /* SecondViewController.swift */; };
		DD63B14F1CC0DEB200A14A5B /* ThirdTableViewController.swift in Sources */ = {isa = PBXBuildFile; fileRef = DD63B14E1CC0DEB200A14A5B /* ThirdTableViewController.swift */; };
		DD63B1511CC0E07000A14A5B /* CameraViewController.swift in Sources */ = {isa = PBXBuildFile; fileRef = DD63B1501CC0E07000A14A5B /* CameraViewController.swift */; };
/* End PBXBuildFile section */

/* Begin PBXFileReference section */
		DD0AE9F11CBB4B8400CD5DDB /* TestInheritance.app */ = {isa = PBXFileReference; explicitFileType = wrapper.application; includeInIndex = 0; path = TestInheritance.app; sourceTree = BUILT_PRODUCTS_DIR; };
		DD0AE9F41CBB4B8400CD5DDB /* AppDelegate.swift */ = {isa = PBXFileReference; lastKnownFileType = sourcecode.swift; path = AppDelegate.swift; sourceTree = "<group>"; };
		DD0AE9F61CBB4B8400CD5DDB /* ViewController.swift */ = {isa = PBXFileReference; lastKnownFileType = sourcecode.swift; path = ViewController.swift; sourceTree = "<group>"; };
		DD0AE9F91CBB4B8400CD5DDB /* Base */ = {isa = PBXFileReference; lastKnownFileType = file.storyboard; name = Base; path = Base.lproj/Main.storyboard; sourceTree = "<group>"; };
		DD0AE9FB1CBB4B8400CD5DDB /* Assets.xcassets */ = {isa = PBXFileReference; lastKnownFileType = folder.assetcatalog; path = Assets.xcassets; sourceTree = "<group>"; };
		DD0AE9FE1CBB4B8400CD5DDB /* Base */ = {isa = PBXFileReference; lastKnownFileType = file.storyboard; name = Base; path = Base.lproj/LaunchScreen.storyboard; sourceTree = "<group>"; };
		DD0AEA001CBB4B8400CD5DDB /* Info.plist */ = {isa = PBXFileReference; lastKnownFileType = text.plist.xml; path = Info.plist; sourceTree = "<group>"; };
		DD0AEA071CBB4DEE00CD5DDB /* TabbarViewController.swift */ = {isa = PBXFileReference; fileEncoding = 4; lastKnownFileType = sourcecode.swift; name = TabbarViewController.swift; path = Classes/TabbarViewController.swift; sourceTree = "<group>"; };
		DD0AEA091CBB4E2700CD5DDB /* SuperViewController.swift */ = {isa = PBXFileReference; fileEncoding = 4; lastKnownFileType = sourcecode.swift; name = SuperViewController.swift; path = Classes/SuperViewController.swift; sourceTree = "<group>"; };
		DD0AEA0B1CBB4E7800CD5DDB /* FirstViewController.swift */ = {isa = PBXFileReference; fileEncoding = 4; lastKnownFileType = sourcecode.swift; name = FirstViewController.swift; path = Classes/FirstViewController.swift; sourceTree = "<group>"; };
		DD0AEA0D1CBB4ED500CD5DDB /* SecondViewController.swift */ = {isa = PBXFileReference; fileEncoding = 4; lastKnownFileType = sourcecode.swift; name = SecondViewController.swift; path = Classes/SecondViewController.swift; sourceTree = "<group>"; };
		DD63B14E1CC0DEB200A14A5B /* ThirdTableViewController.swift */ = {isa = PBXFileReference; fileEncoding = 4; lastKnownFileType = sourcecode.swift; name = ThirdTableViewController.swift; path = Classes/ThirdTableViewController.swift; sourceTree = "<group>"; };
		DD63B1501CC0E07000A14A5B /* CameraViewController.swift */ = {isa = PBXFileReference; fileEncoding = 4; lastKnownFileType = sourcecode.swift; name = CameraViewController.swift; path = Classes/CameraViewController.swift; sourceTree = "<group>"; };
/* End PBXFileReference section */

/* Begin PBXFrameworksBuildPhase section */
		DD0AE9EE1CBB4B8400CD5DDB /* Frameworks */ = {
			isa = PBXFrameworksBuildPhase;
			buildActionMask = 2147483647;
			files = (
			);
			runOnlyForDeploymentPostprocessing = 0;
		};
/* End PBXFrameworksBuildPhase section */

/* Begin PBXGroup section */
		DD0AE9E81CBB4B8400CD5DDB = {
			isa = PBXGroup;
			children = (
				DD0AE9F31CBB4B8400CD5DDB /* TestInheritance */,
				DD0AE9F21CBB4B8400CD5DDB /* Products */,
			);
			sourceTree = "<group>";
		};
		DD0AE9F21CBB4B8400CD5DDB /* Products */ = {
			isa = PBXGroup;
			children = (
				DD0AE9F11CBB4B8400CD5DDB /* TestInheritance.app */,
			);
			name = Products;
			sourceTree = "<group>";
		};
		DD0AE9F31CBB4B8400CD5DDB /* TestInheritance */ = {
			isa = PBXGroup;
			children = (
				DD0AE9F41CBB4B8400CD5DDB /* AppDelegate.swift */,
				DD0AE9F61CBB4B8400CD5DDB /* ViewController.swift */,
				DD0AE9F81CBB4B8400CD5DDB /* Main.storyboard */,
				DD0AEA061CBB4DA200CD5DDB /* Classes */,
				DD0AE9FB1CBB4B8400CD5DDB /* Assets.xcassets */,
				DD0AE9FD1CBB4B8400CD5DDB /* LaunchScreen.storyboard */,
				DD0AEA001CBB4B8400CD5DDB /* Info.plist */,
			);
			path = TestInheritance;
			sourceTree = "<group>";
		};
		DD0AEA061CBB4DA200CD5DDB /* Classes */ = {
			isa = PBXGroup;
			children = (
				DD0AEA071CBB4DEE00CD5DDB /* TabbarViewController.swift */,
				DD63B1521CC0E7AA00A14A5B /* Tabbar Items */,
				DD63B1501CC0E07000A14A5B /* CameraViewController.swift */,
			);
			name = Classes;
			sourceTree = "<group>";
		};
		DD63B1521CC0E7AA00A14A5B /* Tabbar Items */ = {
			isa = PBXGroup;
			children = (
				DD0AEA091CBB4E2700CD5DDB /* SuperViewController.swift */,
				DD0AEA0B1CBB4E7800CD5DDB /* FirstViewController.swift */,
				DD0AEA0D1CBB4ED500CD5DDB /* SecondViewController.swift */,
				DD63B14E1CC0DEB200A14A5B /* ThirdTableViewController.swift */,
			);
			name = "Tabbar Items";
			sourceTree = "<group>";
		};
/* End PBXGroup section */

/* Begin PBXNativeTarget section */
		DD0AE9F01CBB4B8400CD5DDB /* TestInheritance */ = {
			isa = PBXNativeTarget;
			buildConfigurationList = DD0AEA031CBB4B8400CD5DDB /* Build configuration list for PBXNativeTarget "TestInheritance" */;
			buildPhases = (
				DD0AE9ED1CBB4B8400CD5DDB /* Sources */,
				DD0AE9EE1CBB4B8400CD5DDB /* Frameworks */,
				DD0AE9EF1CBB4B8400CD5DDB /* Resources */,
			);
			buildRules = (
			);
			dependencies = (
			);
			name = TestInheritance;
			productName = TestInheritance;
			productReference = DD0AE9F11CBB4B8400CD5DDB /* TestInheritance.app */;
			productType = "com.apple.product-type.application";
		};
/* End PBXNativeTarget section */

/* Begin PBXProject section */
		DD0AE9E91CBB4B8400CD5DDB /* Project object */ = {
			isa = PBXProject;
			attributes = {
				LastSwiftUpdateCheck = 0720;
				LastUpgradeCheck = 0720;
				ORGANIZATIONNAME = "Rock SU";
				TargetAttributes = {
					DD0AE9F01CBB4B8400CD5DDB = {
						CreatedOnToolsVersion = 7.2;
					};
				};
			};
			buildConfigurationList = DD0AE9EC1CBB4B8400CD5DDB /* Build configuration list for PBXProject "TestInheritance" */;
			compatibilityVersion = "Xcode 3.2";
			developmentRegion = English;
			hasScannedForEncodings = 0;
			knownRegions = (
				en,
				Base,
			);
			mainGroup = DD0AE9E81CBB4B8400CD5DDB;
			productRefGroup = DD0AE9F21CBB4B8400CD5DDB /* Products */;
			projectDirPath = "";
			projectRoot = "";
			targets = (
				DD0AE9F01CBB4B8400CD5DDB /* TestInheritance */,
			);
		};
/* End PBXProject section */

/* Begin PBXResourcesBuildPhase section */
		DD0AE9EF1CBB4B8400CD5DDB /* Resources */ = {
			isa = PBXResourcesBuildPhase;
			buildActionMask = 2147483647;
			files = (
				DD0AE9FF1CBB4B8400CD5DDB /* LaunchScreen.storyboard in Resources */,
				DD0AE9FC1CBB4B8400CD5DDB /* Assets.xcassets in Resources */,
				DD0AE9FA1CBB4B8400CD5DDB /* Main.storyboard in Resources */,
			);
			runOnlyForDeploymentPostprocessing = 0;
		};
/* End PBXResourcesBuildPhase section */

/* Begin PBXSourcesBuildPhase section */
		DD0AE9ED1CBB4B8400CD5DDB /* Sources */ = {
			isa = PBXSourcesBuildPhase;
			buildActionMask = 2147483647;
			files = (
				DD0AEA0E1CBB4ED500CD5DDB /* SecondViewController.swift in Sources */,
				DD0AEA0C1CBB4E7800CD5DDB /* FirstViewController.swift in Sources */,
				DD0AE9F71CBB4B8400CD5DDB /* ViewController.swift in Sources */,
				DD0AE9F51CBB4B8400CD5DDB /* AppDelegate.swift in Sources */,
				DD0AEA0A1CBB4E2700CD5DDB /* SuperViewController.swift in Sources */,
				DD63B1511CC0E07000A14A5B /* CameraViewController.swift in Sources */,
				DD0AEA081CBB4DEE00CD5DDB /* TabbarViewController.swift in Sources */,
				DD63B14F1CC0DEB200A14A5B /* ThirdTableViewController.swift in Sources */,
			);
			runOnlyForDeploymentPostprocessing = 0;
		};
/* End PBXSourcesBuildPhase section */

/* Begin PBXVariantGroup section */
		DD0AE9F81CBB4B8400CD5DDB /* Main.storyboard */ = {
			isa = PBXVariantGroup;
			children = (
				DD0AE9F91CBB4B8400CD5DDB /* Base */,
			);
			name = Main.storyboard;
			sourceTree = "<group>";
		};
		DD0AE9FD1CBB4B8400CD5DDB /* LaunchScreen.storyboard */ = {
			isa = PBXVariantGroup;
			children = (
				DD0AE9FE1CBB4B8400CD5DDB /* Base */,
			);
			name = LaunchScreen.storyboard;
			sourceTree = "<group>";
		};
/* End PBXVariantGroup section */

/* Begin XCBuildConfiguration section */
		DD0AEA011CBB4B8400CD5DDB /* Debug */ = {
			isa = XCBuildConfiguration;
			buildSettings = {
				ALWAYS_SEARCH_USER_PATHS = NO;
				CLANG_CXX_LANGUAGE_STANDARD = "gnu++0x";
				CLANG_CXX_LIBRARY = "libc++";
				CLANG_ENABLE_MODULES = YES;
				CLANG_ENABLE_OBJC_ARC = YES;
				CLANG_WARN_BOOL_CONVERSION = YES;
				CLANG_WARN_CONSTANT_CONVERSION = YES;
				CLANG_WARN_DIRECT_OBJC_ISA_USAGE = YES_ERROR;
				CLANG_WARN_EMPTY_BODY = YES;
				CLANG_WARN_ENUM_CONVERSION = YES;
				CLANG_WARN_INT_CONVERSION = YES;
				CLANG_WARN_OBJC_ROOT_CLASS = YES_ERROR;
				CLANG_WARN_UNREACHABLE_CODE = YES;
				CLANG_WARN__DUPLICATE_METHOD_MATCH = YES;
				"CODE_SIGN_IDENTITY[sdk=iphoneos*]" = "iPhone Developer";
				COPY_PHASE_STRIP = NO;
				DEBUG_INFORMATION_FORMAT = dwarf;
				ENABLE_STRICT_OBJC_MSGSEND = YES;
				ENABLE_TESTABILITY = YES;
				GCC_C_LANGUAGE_STANDARD = gnu99;
				GCC_DYNAMIC_NO_PIC = NO;
				GCC_NO_COMMON_BLOCKS = YES;
				GCC_OPTIMIZATION_LEVEL = 0;
				GCC_PREPROCESSOR_DEFINITIONS = (
					"DEBUG=1",
					"$(inherited)",
				);
				GCC_WARN_64_TO_32_BIT_CONVERSION = YES;
				GCC_WARN_ABOUT_RETURN_TYPE = YES_ERROR;
				GCC_WARN_UNDECLARED_SELECTOR = YES;
				GCC_WARN_UNINITIALIZED_AUTOS = YES_AGGRESSIVE;
				GCC_WARN_UNUSED_FUNCTION = YES;
				GCC_WARN_UNUSED_VARIABLE = YES;
				IPHONEOS_DEPLOYMENT_TARGET = 9.2;
				MTL_ENABLE_DEBUG_INFO = YES;
				ONLY_ACTIVE_ARCH = YES;
				SDKROOT = iphoneos;
				SWIFT_OPTIMIZATION_LEVEL = "-Onone";
			};
			name = Debug;
		};
		DD0AEA021CBB4B8400CD5DDB /* Release */ = {
			isa = XCBuildConfiguration;
			buildSettings = {
				ALWAYS_SEARCH_USER_PATHS = NO;
				CLANG_CXX_LANGUAGE_STANDARD = "gnu++0x";
				CLANG_CXX_LIBRARY = "libc++";
				CLANG_ENABLE_MODULES = YES;
				CLANG_ENABLE_OBJC_ARC = YES;
				CLANG_WARN_BOOL_CONVERSION = YES;
				CLANG_WARN_CONSTANT_CONVERSION = YES;
				CLANG_WARN_DIRECT_OBJC_ISA_USAGE = YES_ERROR;
				CLANG_WARN_EMPTY_BODY = YES;
				CLANG_WARN_ENUM_CONVERSION = YES;
				CLANG_WARN_INT_CONVERSION = YES;
				CLANG_WARN_OBJC_ROOT_CLASS = YES_ERROR;
				CLANG_WARN_UNREACHABLE_CODE = YES;
				CLANG_WARN__DUPLICATE_METHOD_MATCH = YES;
				"CODE_SIGN_IDENTITY[sdk=iphoneos*]" = "iPhone Developer";
				COPY_PHASE_STRIP = NO;
				DEBUG_INFORMATION_FORMAT = "dwarf-with-dsym";
				ENABLE_NS_ASSERTIONS = NO;
				ENABLE_STRICT_OBJC_MSGSEND = YES;
				GCC_C_LANGUAGE_STANDARD = gnu99;
				GCC_NO_COMMON_BLOCKS = YES;
				GCC_WARN_64_TO_32_BIT_CONVERSION = YES;
				GCC_WARN_ABOUT_RETURN_TYPE = YES_ERROR;
				GCC_WARN_UNDECLARED_SELECTOR = YES;
				GCC_WARN_UNINITIALIZED_AUTOS = YES_AGGRESSIVE;
				GCC_WARN_UNUSED_FUNCTION = YES;
				GCC_WARN_UNUSED_VARIABLE = YES;
				IPHONEOS_DEPLOYMENT_TARGET = 9.2;
				MTL_ENABLE_DEBUG_INFO = NO;
				SDKROOT = iphoneos;
				VALIDATE_PRODUCT = YES;
			};
			name = Release;
		};
		DD0AEA041CBB4B8400CD5DDB /* Debug */ = {
			isa = XCBuildConfiguration;
			buildSettings = {
				ASSETCATALOG_COMPILER_APPICON_NAME = AppIcon;
				INFOPLIST_FILE = TestInheritance/Info.plist;
				LD_RUNPATH_SEARCH_PATHS = "$(inherited) @executable_path/Frameworks";
				PRODUCT_BUNDLE_IDENTIFIER = tw.idv.wss.TestInheritance;
				PRODUCT_NAME = "$(TARGET_NAME)";
			};
			name = Debug;
		};
		DD0AEA051CBB4B8400CD5DDB /* Release */ = {
			isa = XCBuildConfiguration;
			buildSettings = {
				ASSETCATALOG_COMPILER_APPICON_NAME = AppIcon;
				INFOPLIST_FILE = TestInheritance/Info.plist;
				LD_RUNPATH_SEARCH_PATHS = "$(inherited) @executable_path/Frameworks";
				PRODUCT_BUNDLE_IDENTIFIER = tw.idv.wss.TestInheritance;
				PRODUCT_NAME = "$(TARGET_NAME)";
			};
			name = Release;
		};
/* End XCBuildConfiguration section */

/* Begin XCConfigurationList section */
		DD0AE9EC1CBB4B8400CD5DDB /* Build configuration list for PBXProject "TestInheritance" */ = {
			isa = XCConfigurationList;
			buildConfigurations = (
				DD0AEA011CBB4B8400CD5DDB /* Debug */,
				DD0AEA021CBB4B8400CD5DDB /* Release */,
			);
			defaultConfigurationIsVisible = 0;
			defaultConfigurationName = Release;
		};
		DD0AEA031CBB4B8400CD5DDB /* Build configuration list for PBXNativeTarget "TestInheritance" */ = {
			isa = XCConfigurationList;
			buildConfigurations = (
				DD0AEA041CBB4B8400CD5DDB /* Debug */,
				DD0AEA051CBB4B8400CD5DDB /* Release */,
			);
			defaultConfigurationIsVisible = 0;
			defaultConfigurationName = Release;
		};
/* End XCConfigurationList section */
	};
	rootObject = DD0AE9E91CBB4B8400CD5DDB /* Project object */;
}
